
Microsoft Visual Studio Solution File, Format Version 12.00
# Visual Studio 15
VisualStudioVersion = 15.0.27703.2042
MinimumVisualStudioVersion = 10.0.40219.1
Project("{FAE04EC0-301F-11D3-BF4B-00C04F79EFBC}") = "TradingDay", "TradingDay\TradingDay.csproj", "{2D69D802-0E50-44FA-A7C8-6ADA5BF5A8F0}"
EndProject
Global
	GlobalSection(SolutionConfigurationPlatforms) = preSolution
		Debug|Any CPU = Debug|Any CPU
		Release|Any CPU = Release|Any CPU
	EndGlobalSection
	GlobalSection(ProjectConfigurationPlatforms) = postSolution
		{2D69D802-0E50-44FA-A7C8-6ADA5BF5A8F0}.Debug|Any CPU.ActiveCfg = Debug|Any CPU
		{2D69D802-0E50-44FA-A7C8-6ADA5BF5A8F0}.Debug|Any CPU.Build.0 = Debug|Any CPU
		{2D69D802-0E50-44FA-A7C8-6ADA5BF5A8F0}.Release|Any CPU.ActiveCfg = Release|Any CPU
		{2D69D802-0E50-44FA-A7C8-6ADA5BF5A8F0}.Release|Any CPU.Build.0 = Release|Any CPU
	EndGlobalSection
	GlobalSection(SolutionProperties) = preSolution
		HideSolutionNode = FALSE
	EndGlobalSection
	GlobalSection(ExtensibilityGlobals) = postSolution
		SolutionGuid = {AE33CC5E-4F54-4922-AF79-4B57C64C60CB}
	EndGlobalSection
EndGlobal
